
Microsoft Visual Studio Solution File, Format Version 12.00
# Visual Studio Version 17
VisualStudioVersion = 17.7.34018.315
MinimumVisualStudioVersion = 10.0.40219.1
Project("{9A19103F-16F7-4668-BE54-9A1E7A4F7556}") = "HelpPlus", "HelpPlus.csproj", "{03BDA69C-7CD1-4C1A-9BF5-AD56669E1E9E}"
EndProject
Global
	GlobalSection(SolutionConfigurationPlatforms) = preSolution
		Debug|Any CPU = Debug|Any CPU
		Release|Any CPU = Release|Any CPU
	EndGlobalSection
	GlobalSection(ProjectConfigurationPlatforms) = postSolution
		{03BDA69C-7CD1-4C1A-9BF5-AD56669E1E9E}.Debug|Any CPU.ActiveCfg = Debug|Any CPU
		{03BDA69C-7CD1-4C1A-9BF5-AD56669E1E9E}.Debug|Any CPU.Build.0 = Debug|Any CPU
		{03BDA69C-7CD1-4C1A-9BF5-AD56669E1E9E}.Release|Any CPU.ActiveCfg = Release|Any CPU
		{03BDA69C-7CD1-4C1A-9BF5-AD56669E1E9E}.Release|Any CPU.Build.0 = Release|Any CPU
	EndGlobalSection
	GlobalSection(SolutionProperties) = preSolution
		HideSolutionNode = FALSE
	EndGlobalSection
	GlobalSection(ExtensibilityGlobals) = postSolution
		SolutionGuid = {DD98159D-7057-4FE4-93DD-E64887C3CDB7}
	EndGlobalSection
EndGlobal
